
Microsoft Visual Studio Solution File, Format Version 12.00
# Visual Studio Version 16
VisualStudioVersion = 16.0.28803.352
MinimumVisualStudioVersion = 10.0.40219.1
Project("{9A19103F-16F7-4668-BE54-9A1E7A4F7556}") = "StackExchangeParser", "StackExchangeParser\StackExchangeParser.csproj", "{A8DE1064-A44D-41FB-874C-9E9A8558A848}"
EndProject
Project("{FAE04EC0-301F-11D3-BF4B-00C04F79EFBC}") = "StackExchangeParser.MongoDb", "StackExchangeParser.MongoDb\StackExchangeParser.MongoDb.csproj", "{F53550CF-C4FE-40DA-A897-6D6BE188D9FA}"
EndProject
Project("{FAE04EC0-301F-11D3-BF4B-00C04F79EFBC}") = "StackExchangeParser.EF", "StackExchangeParser.EF\StackExchangeParser.EF.csproj", "{D263F7D2-238C-4D4B-A957-471DD2A5FE52}"
EndProject
Project("{FAE04EC0-301F-11D3-BF4B-00C04F79EFBC}") = "StackExchangeParser.Japanese", "StackExchangeParser.Japanese\StackExchangeParser.Japanese.csproj", "{B6DAE2E2-2605-452C-95B2-E33E5FB07D51}"
EndProject
Project("{FAE04EC0-301F-11D3-BF4B-00C04F79EFBC}") = "StackExchangeParser.ReverseEngineering", "StackExchangeParser.ReverseEngineering\StackExchangeParser.ReverseEngineering.csproj", "{FB0FA7F2-E642-4AA1-A1A5-79824818DDCF}"
EndProject
Project("{FAE04EC0-301F-11D3-BF4B-00C04F79EFBC}") = "StackExchangeParser.ML.Net", "StackEchangeParser.ML.Net\StackExchangeParser.ML.Net.csproj", "{FF44EE5E-182A-4BA2-BDC3-00132C42E223}"
EndProject
Project("{2150E333-8FDC-42A3-9474-1A3956D46DE8}") = "Data", "Data", "{1F7C8D79-0254-4CAC-A252-A5AA601B1293}"
EndProject
Project("{FAE04EC0-301F-11D3-BF4B-00C04F79EFBC}") = "StackExchangeParser.Infrastructure", "StackExchangeParser.Infrastructure\StackExchangeParser.Infrastructure.csproj", "{19FA3013-FEDE-4DD0-886C-F3123D0B5C86}"
EndProject
Project("{FAE04EC0-301F-11D3-BF4B-00C04F79EFBC}") = "StackExchangeParser.Domain", "StackExchangeParser.Domain\StackExchangeParser.Domain.csproj", "{880A28BE-A19E-4EC3-87BB-31495B856659}"
EndProject
Global
	GlobalSection(SolutionConfigurationPlatforms) = preSolution
		Debug|Any CPU = Debug|Any CPU
		Release|Any CPU = Release|Any CPU
	EndGlobalSection
	GlobalSection(ProjectConfigurationPlatforms) = postSolution
		{A8DE1064-A44D-41FB-874C-9E9A8558A848}.Debug|Any CPU.ActiveCfg = Debug|Any CPU
		{A8DE1064-A44D-41FB-874C-9E9A8558A848}.Debug|Any CPU.Build.0 = Debug|Any CPU
		{A8DE1064-A44D-41FB-874C-9E9A8558A848}.Release|Any CPU.ActiveCfg = Release|Any CPU
		{A8DE1064-A44D-41FB-874C-9E9A8558A848}.Release|Any CPU.Build.0 = Release|Any CPU
		{F53550CF-C4FE-40DA-A897-6D6BE188D9FA}.Debug|Any CPU.ActiveCfg = Debug|Any CPU
		{F53550CF-C4FE-40DA-A897-6D6BE188D9FA}.Debug|Any CPU.Build.0 = Debug|Any CPU
		{F53550CF-C4FE-40DA-A897-6D6BE188D9FA}.Release|Any CPU.ActiveCfg = Release|Any CPU
		{F53550CF-C4FE-40DA-A897-6D6BE188D9FA}.Release|Any CPU.Build.0 = Release|Any CPU
		{D263F7D2-238C-4D4B-A957-471DD2A5FE52}.Debug|Any CPU.ActiveCfg = Debug|Any CPU
		{D263F7D2-238C-4D4B-A957-471DD2A5FE52}.Debug|Any CPU.Build.0 = Debug|Any CPU
		{D263F7D2-238C-4D4B-A957-471DD2A5FE52}.Release|Any CPU.ActiveCfg = Release|Any CPU
		{D263F7D2-238C-4D4B-A957-471DD2A5FE52}.Release|Any CPU.Build.0 = Release|Any CPU
		{B6DAE2E2-2605-452C-95B2-E33E5FB07D51}.Debug|Any CPU.ActiveCfg = Debug|Any CPU
		{B6DAE2E2-2605-452C-95B2-E33E5FB07D51}.Debug|Any CPU.Build.0 = Debug|Any CPU
		{B6DAE2E2-2605-452C-95B2-E33E5FB07D51}.Release|Any CPU.ActiveCfg = Release|Any CPU
		{B6DAE2E2-2605-452C-95B2-E33E5FB07D51}.Release|Any CPU.Build.0 = Release|Any CPU
		{FB0FA7F2-E642-4AA1-A1A5-79824818DDCF}.Debug|Any CPU.ActiveCfg = Debug|Any CPU
		{FB0FA7F2-E642-4AA1-A1A5-79824818DDCF}.Debug|Any CPU.Build.0 = Debug|Any CPU
		{FB0FA7F2-E642-4AA1-A1A5-79824818DDCF}.Release|Any CPU.ActiveCfg = Release|Any CPU
		{FB0FA7F2-E642-4AA1-A1A5-79824818DDCF}.Release|Any CPU.Build.0 = Release|Any CPU
		{FF44EE5E-182A-4BA2-BDC3-00132C42E223}.Debug|Any CPU.ActiveCfg = Debug|Any CPU
		{FF44EE5E-182A-4BA2-BDC3-00132C42E223}.Debug|Any CPU.Build.0 = Debug|Any CPU
		{FF44EE5E-182A-4BA2-BDC3-00132C42E223}.Release|Any CPU.ActiveCfg = Release|Any CPU
		{FF44EE5E-182A-4BA2-BDC3-00132C42E223}.Release|Any CPU.Build.0 = Release|Any CPU
		{19FA3013-FEDE-4DD0-886C-F3123D0B5C86}.Debug|Any CPU.ActiveCfg = Debug|Any CPU
		{19FA3013-FEDE-4DD0-886C-F3123D0B5C86}.Debug|Any CPU.Build.0 = Debug|Any CPU
		{19FA3013-FEDE-4DD0-886C-F3123D0B5C86}.Release|Any CPU.ActiveCfg = Release|Any CPU
		{19FA3013-FEDE-4DD0-886C-F3123D0B5C86}.Release|Any CPU.Build.0 = Release|Any CPU
		{880A28BE-A19E-4EC3-87BB-31495B856659}.Debug|Any CPU.ActiveCfg = Debug|Any CPU
		{880A28BE-A19E-4EC3-87BB-31495B856659}.Debug|Any CPU.Build.0 = Debug|Any CPU
		{880A28BE-A19E-4EC3-87BB-31495B856659}.Release|Any CPU.ActiveCfg = Release|Any CPU
		{880A28BE-A19E-4EC3-87BB-31495B856659}.Release|Any CPU.Build.0 = Release|Any CPU
	EndGlobalSection
	GlobalSection(SolutionProperties) = preSolution
		HideSolutionNode = FALSE
	EndGlobalSection
	GlobalSection(NestedProjects) = preSolution
		{B6DAE2E2-2605-452C-95B2-E33E5FB07D51} = {1F7C8D79-0254-4CAC-A252-A5AA601B1293}
		{FB0FA7F2-E642-4AA1-A1A5-79824818DDCF} = {1F7C8D79-0254-4CAC-A252-A5AA601B1293}
	EndGlobalSection
	GlobalSection(ExtensibilityGlobals) = postSolution
		SolutionGuid = {82F508ED-D497-4302-BCDF-CB69A1F93137}
	EndGlobalSection
EndGlobal
